# This file is autogenerated, do not edit; changes may be undone by the next 'dep ensure'.


[[projects]]
  name = "github.com/actgardner/gogen-avro"
  packages = [
    "container",
    "container/avro"
  ]
  revision = "2bd6484053974f0a4189ea75d9d36131e43f2cf1"
  version = "v5.1.0"

[[projects]]
  branch = "master"
  name = "github.com/golang/snappy"
  packages = ["."]
  revision = "2e65f85255dbc3072edf28d6b5b8efc472979f5a"

[[projects]]
  name = "github.com/linkedin/goavro"
  packages = ["."]
  revision = "9e3ffbc22b459192a7090bfd06433b24be086370"
  version = "v2.6.0"

[[projects]]
  branch = "master"
  name = "github.com/zquangu112z/hl7-parser"
  packages = ["."]
  revision = "6ca5ab5ce3838d87bdeca040b0a282103e162d1f"

[solve-meta]
  analyzer-name = "dep"
  analyzer-version = 1
  inputs-digest = "98eb539d5db8de44af5d0f62224709138b6c413e3d634f701a536f6d459567b5"
  solver-name = "gps-cdcl"
  solver-version = 1
