# This file is autogenerated, do not edit; changes may be undone by the next 'dep ensure'.


[[projects]]
  name = "github.com/actgardner/gogen-avro"
  packages = [
    "container",
    "container/avro"
  ]
  revision = "2bd6484053974f0a4189ea75d9d36131e43f2cf1"
  version = "v5.1.0"

[[projects]]
  branch = "master"
  name = "github.com/golang/snappy"
  packages = ["."]
  revision = "2e65f85255dbc3072edf28d6b5b8efc472979f5a"

[[projects]]
  name = "github.com/linkedin/goavro"
  packages = ["."]
  revision = "9e3ffbc22b459192a7090bfd06433b24be086370"
  version = "v2.6.0"

[solve-meta]
  analyzer-name = "dep"
  analyzer-version = 1
  inputs-digest = "9e685cf6f9a425456d46b1b7c73b96256e3c634d51cda9115be88a025e3a261e"
  solver-name = "gps-cdcl"
  solver-version = 1
